
Microsoft Visual Studio Solution File, Format Version 12.00
# Visual Studio Version 17
VisualStudioVersion = 17.1.32421.90
MinimumVisualStudioVersion = 10.0.40219.1
Project("{FAE04EC0-301F-11D3-BF4B-00C04F79EFBC}") = "StoreAPI", "StoreAPI\StoreAPI.csproj", "{D6B34C1B-443E-42EC-B057-1A30ED20FCDE}"
EndProject
Global
	GlobalSection(SolutionConfigurationPlatforms) = preSolution
		Debug|Any CPU = Debug|Any CPU
		Release|Any CPU = Release|Any CPU
	EndGlobalSection
	GlobalSection(ProjectConfigurationPlatforms) = postSolution
		{D6B34C1B-443E-42EC-B057-1A30ED20FCDE}.Debug|Any CPU.ActiveCfg = Debug|Any CPU
		{D6B34C1B-443E-42EC-B057-1A30ED20FCDE}.Debug|Any CPU.Build.0 = Debug|Any CPU
		{D6B34C1B-443E-42EC-B057-1A30ED20FCDE}.Release|Any CPU.ActiveCfg = Release|Any CPU
		{D6B34C1B-443E-42EC-B057-1A30ED20FCDE}.Release|Any CPU.Build.0 = Release|Any CPU
	EndGlobalSection
	GlobalSection(SolutionProperties) = preSolution
		HideSolutionNode = FALSE
	EndGlobalSection
	GlobalSection(ExtensibilityGlobals) = postSolution
		SolutionGuid = {3025470A-40FC-4B1E-BDC3-47A19251C924}
	EndGlobalSection
EndGlobal
